// !$*UTF8*$!
{
	archiveVersion = 1;
	classes = {
	};
	objectVersion = 46;
	objects = {

/* Begin PBXBuildFile section */
		42A251FB1A175B5F0091816F /* AppDelegate.swift in Sources */ = {isa = PBXBuildFile; fileRef = 42A251FA1A175B5F0091816F /* AppDelegate.swift */; };
		42A251FD1A175B5F0091816F /* ViewController.swift in Sources */ = {isa = PBXBuildFile; fileRef = 42A251FC1A175B5F0091816F /* ViewController.swift */; };
		42A252001A175B5F0091816F /* Main.storyboard in Resources */ = {isa = PBXBuildFile; fileRef = 42A251FE1A175B5F0091816F /* Main.storyboard */; };
		42A252021A175B5F0091816F /* Images.xcassets in Resources */ = {isa = PBXBuildFile; fileRef = 42A252011A175B5F0091816F /* Images.xcassets */; };
		42A252051A175B5F0091816F /* LaunchScreen.xib in Resources */ = {isa = PBXBuildFile; fileRef = 42A252031A175B5F0091816F /* LaunchScreen.xib */; };
		42A252111A175B5F0091816F /* BarcodeShoppingTests.swift in Sources */ = {isa = PBXBuildFile; fileRef = 42A252101A175B5F0091816F /* BarcodeShoppingTests.swift */; };
/* End PBXBuildFile section */

/* Begin PBXContainerItemProxy section */
		42A2520B1A175B5F0091816F /* PBXContainerItemProxy */ = {
			isa = PBXContainerItemProxy;
			containerPortal = 42A251ED1A175B5F0091816F /* Project object */;
			proxyType = 1;
			remoteGlobalIDString = 42A251F41A175B5F0091816F;
			remoteInfo = BarcodeShopping;
		};
/* End PBXContainerItemProxy section */

/* Begin PBXFileReference section */
		42A251F51A175B5F0091816F /* BarcodeShopping.app */ = {isa = PBXFileReference; explicitFileType = wrapper.application; includeInIndex = 0; path = BarcodeShopping.app; sourceTree = BUILT_PRODUCTS_DIR; };
		42A251F91A175B5F0091816F /* Info.plist */ = {isa = PBXFileReference; lastKnownFileType = text.plist.xml; path = Info.plist; sourceTree = "<group>"; };
		42A251FA1A175B5F0091816F /* AppDelegate.swift */ = {isa = PBXFileReference; lastKnownFileType = sourcecode.swift; path = AppDelegate.swift; sourceTree = "<group>"; };
		42A251FC1A175B5F0091816F /* ViewController.swift */ = {isa = PBXFileReference; lastKnownFileType = sourcecode.swift; path = ViewController.swift; sourceTree = "<group>"; };
		42A251FF1A175B5F0091816F /* Base */ = {isa = PBXFileReference; lastKnownFileType = file.storyboard; name = Base; path = Base.lproj/Main.storyboard; sourceTree = "<group>"; };
		42A252011A175B5F0091816F /* Images.xcassets */ = {isa = PBXFileReference; lastKnownFileType = folder.assetcatalog; path = Images.xcassets; sourceTree = "<group>"; };
		42A252041A175B5F0091816F /* Base */ = {isa = PBXFileReference; lastKnownFileType = file.xib; name = Base; path = Base.lproj/LaunchScreen.xib; sourceTree = "<group>"; };
		42A2520A1A175B5F0091816F /* BarcodeShoppingTests.xctest */ = {isa = PBXFileReference; explicitFileType = wrapper.cfbundle; includeInIndex = 0; path = BarcodeShoppingTests.xctest; sourceTree = BUILT_PRODUCTS_DIR; };
		42A2520F1A175B5F0091816F /* Info.plist */ = {isa = PBXFileReference; lastKnownFileType = text.plist.xml; path = Info.plist; sourceTree = "<group>"; };
		42A252101A175B5F0091816F /* BarcodeShoppingTests.swift */ = {isa = PBXFileReference; lastKnownFileType = sourcecode.swift; path = BarcodeShoppingTests.swift; sourceTree = "<group>"; };
/* End PBXFileReference section */

/* Begin PBXFrameworksBuildPhase section */
		42A251F21A175B5F0091816F /* Frameworks */ = {
			isa = PBXFrameworksBuildPhase;
			buildActionMask = 2147483647;
			files = (
			);
			runOnlyForDeploymentPostprocessing = 0;
		};
		42A252071A175B5F0091816F /* Frameworks */ = {
			isa = PBXFrameworksBuildPhase;
			buildActionMask = 2147483647;
			files = (
			);
			runOnlyForDeploymentPostprocessing = 0;
		};
/* End PBXFrameworksBuildPhase section */

/* Begin PBXGroup section */
		42A251EC1A175B5F0091816F = {
			isa = PBXGroup;
			children = (
				42A251F71A175B5F0091816F /* BarcodeShopping */,
				42A2520D1A175B5F0091816F /* BarcodeShoppingTests */,
				42A251F61A175B5F0091816F /* Products */,
			);
			sourceTree = "<group>";
		};
		42A251F61A175B5F0091816F /* Products */ = {
			isa = PBXGroup;
			children = (
				42A251F51A175B5F0091816F /* BarcodeShopping.app */,
				42A2520A1A175B5F0091816F /* BarcodeShoppingTests.xctest */,
			);
			name = Products;
			sourceTree = "<group>";
		};
		42A251F71A175B5F0091816F /* BarcodeShopping */ = {
			isa = PBXGroup;
			children = (
				42A251FA1A175B5F0091816F /* AppDelegate.swift */,
				42A251FC1A175B5F0091816F /* ViewController.swift */,
				42A251FE1A175B5F0091816F /* Main.storyboard */,
				42A252011A175B5F0091816F /* Images.xcassets */,
				42A252031A175B5F0091816F /* LaunchScreen.xib */,
				42A251F81A175B5F0091816F /* Supporting Files */,
			);
			path = BarcodeShopping;
			sourceTree = "<group>";
		};
		42A251F81A175B5F0091816F /* Supporting Files */ = {
			isa = PBXGroup;
			children = (
				42A251F91A175B5F0091816F /* Info.plist */,
			);
			name = "Supporting Files";
			sourceTree = "<group>";
		};
		42A2520D1A175B5F0091816F /* BarcodeShoppingTests */ = {
			isa = PBXGroup;
			children = (
				42A252101A175B5F0091816F /* BarcodeShoppingTests.swift */,
				42A2520E1A175B5F0091816F /* Supporting Files */,
			);
			path = BarcodeShoppingTests;
			sourceTree = "<group>";
		};
		42A2520E1A175B5F0091816F /* Supporting Files */ = {
			isa = PBXGroup;
			children = (
				42A2520F1A175B5F0091816F /* Info.plist */,
			);
			name = "Supporting Files";
			sourceTree = "<group>";
		};
/* End PBXGroup section */

/* Begin PBXNativeTarget section */
		42A251F41A175B5F0091816F /* BarcodeShopping */ = {
			isa = PBXNativeTarget;
			buildConfigurationList = 42A252141A175B5F0091816F /* Build configuration list for PBXNativeTarget "BarcodeShopping" */;
			buildPhases = (
				42A251F11A175B5F0091816F /* Sources */,
				42A251F21A175B5F0091816F /* Frameworks */,
				42A251F31A175B5F0091816F /* Resources */,
			);
			buildRules = (
			);
			dependencies = (
			);
			name = BarcodeShopping;
			productName = BarcodeShopping;
			productReference = 42A251F51A175B5F0091816F /* BarcodeShopping.app */;
			productType = "com.apple.product-type.application";
		};
		42A252091A175B5F0091816F /* BarcodeShoppingTests */ = {
			isa = PBXNativeTarget;
			buildConfigurationList = 42A252171A175B5F0091816F /* Build configuration list for PBXNativeTarget "BarcodeShoppingTests" */;
			buildPhases = (
				42A252061A175B5F0091816F /* Sources */,
				42A252071A175B5F0091816F /* Frameworks */,
				42A252081A175B5F0091816F /* Resources */,
			);
			buildRules = (
			);
			dependencies = (
				42A2520C1A175B5F0091816F /* PBXTargetDependency */,
			);
			name = BarcodeShoppingTests;
			productName = BarcodeShoppingTests;
			productReference = 42A2520A1A175B5F0091816F /* BarcodeShoppingTests.xctest */;
			productType = "com.apple.product-type.bundle.unit-test";
		};
/* End PBXNativeTarget section */

/* Begin PBXProject section */
		42A251ED1A175B5F0091816F /* Project object */ = {
			isa = PBXProject;
			attributes = {
				LastUpgradeCheck = 0610;
				ORGANIZATIONNAME = iapp;
				TargetAttributes = {
					42A251F41A175B5F0091816F = {
						CreatedOnToolsVersion = 6.1.1;
					};
					42A252091A175B5F0091816F = {
						CreatedOnToolsVersion = 6.1.1;
						TestTargetID = 42A251F41A175B5F0091816F;
					};
				};
			};
			buildConfigurationList = 42A251F01A175B5F0091816F /* Build configuration list for PBXProject "BarcodeShopping" */;
			compatibilityVersion = "Xcode 3.2";
			developmentRegion = English;
			hasScannedForEncodings = 0;
			knownRegions = (
				en,
				Base,
			);
			mainGroup = 42A251EC1A175B5F0091816F;
			productRefGroup = 42A251F61A175B5F0091816F /* Products */;
			projectDirPath = "";
			projectRoot = "";
			targets = (
				42A251F41A175B5F0091816F /* BarcodeShopping */,
				42A252091A175B5F0091816F /* BarcodeShoppingTests */,
			);
		};
/* End PBXProject section */

/* Begin PBXResourcesBuildPhase section */
		42A251F31A175B5F0091816F /* Resources */ = {
			isa = PBXResourcesBuildPhase;
			buildActionMask = 2147483647;
			files = (
				42A252001A175B5F0091816F /* Main.storyboard in Resources */,
				42A252051A175B5F0091816F /* LaunchScreen.xib in Resources */,
				42A252021A175B5F0091816F /* Images.xcassets in Resources */,
			);
			runOnlyForDeploymentPostprocessing = 0;
		};
		42A252081A175B5F0091816F /* Resources */ = {
			isa = PBXResourcesBuildPhase;
			buildActionMask = 2147483647;
			files = (
			);
			runOnlyForDeploymentPostprocessing = 0;
		};
/* End PBXResourcesBuildPhase section */

/* Begin PBXSourcesBuildPhase section */
		42A251F11A175B5F0091816F /* Sources */ = {
			isa = PBXSourcesBuildPhase;
			buildActionMask = 2147483647;
			files = (
				42A251FD1A175B5F0091816F /* ViewController.swift in Sources */,
				42A251FB1A175B5F0091816F /* AppDelegate.swift in Sources */,
			);
			runOnlyForDeploymentPostprocessing = 0;
		};
		42A252061A175B5F0091816F /* Sources */ = {
			isa = PBXSourcesBuildPhase;
			buildActionMask = 2147483647;
			files = (
				42A252111A175B5F0091816F /* BarcodeShoppingTests.swift in Sources */,
			);
			runOnlyForDeploymentPostprocessing = 0;
		};
/* End PBXSourcesBuildPhase section */

/* Begin PBXTargetDependency section */
		42A2520C1A175B5F0091816F /* PBXTargetDependency */ = {
			isa = PBXTargetDependency;
			target = 42A251F41A175B5F0091816F /* BarcodeShopping */;
			targetProxy = 42A2520B1A175B5F0091816F /* PBXContainerItemProxy */;
		};
/* End PBXTargetDependency section */

/* Begin PBXVariantGroup section */
		42A251FE1A175B5F0091816F /* Main.storyboard */ = {
			isa = PBXVariantGroup;
			children = (
				42A251FF1A175B5F0091816F /* Base */,
			);
			name = Main.storyboard;
			sourceTree = "<group>";
		};
		42A252031A175B5F0091816F /* LaunchScreen.xib */ = {
			isa = PBXVariantGroup;
			children = (
				42A252041A175B5F0091816F /* Base */,
			);
			name = LaunchScreen.xib;
			sourceTree = "<group>";
		};
/* End PBXVariantGroup section */

/* Begin XCBuildConfiguration section */
		42A252121A175B5F0091816F /* Debug */ = {
			isa = XCBuildConfiguration;
			buildSettings = {
				ALWAYS_SEARCH_USER_PATHS = NO;
				CLANG_CXX_LANGUAGE_STANDARD = "gnu++0x";
				CLANG_CXX_LIBRARY = "libc++";
				CLANG_ENABLE_MODULES = YES;
				CLANG_ENABLE_OBJC_ARC = YES;
				CLANG_WARN_BOOL_CONVERSION = YES;
				CLANG_WARN_CONSTANT_CONVERSION = YES;
				CLANG_WARN_DIRECT_OBJC_ISA_USAGE = YES_ERROR;
				CLANG_WARN_EMPTY_BODY = YES;
				CLANG_WARN_ENUM_CONVERSION = YES;
				CLANG_WARN_INT_CONVERSION = YES;
				CLANG_WARN_OBJC_ROOT_CLASS = YES_ERROR;
				CLANG_WARN_UNREACHABLE_CODE = YES;
				CLANG_WARN__DUPLICATE_METHOD_MATCH = YES;
				"CODE_SIGN_IDENTITY[sdk=iphoneos*]" = "iPhone Developer";
				COPY_PHASE_STRIP = NO;
				ENABLE_STRICT_OBJC_MSGSEND = YES;
				GCC_C_LANGUAGE_STANDARD = gnu99;
				GCC_DYNAMIC_NO_PIC = NO;
				GCC_OPTIMIZATION_LEVEL = 0;
				GCC_PREPROCESSOR_DEFINITIONS = (
					"DEBUG=1",
					"$(inherited)",
				);
				GCC_SYMBOLS_PRIVATE_EXTERN = NO;
				GCC_WARN_64_TO_32_BIT_CONVERSION = YES;
				GCC_WARN_ABOUT_RETURN_TYPE = YES_ERROR;
				GCC_WARN_UNDECLARED_SELECTOR = YES;
				GCC_WARN_UNINITIALIZED_AUTOS = YES_AGGRESSIVE;
				GCC_WARN_UNUSED_FUNCTION = YES;
				GCC_WARN_UNUSED_VARIABLE = YES;
				IPHONEOS_DEPLOYMENT_TARGET = 8.1;
				MTL_ENABLE_DEBUG_INFO = YES;
				ONLY_ACTIVE_ARCH = YES;
				SDKROOT = iphoneos;
				SWIFT_OPTIMIZATION_LEVEL = "-Onone";
			};
			name = Debug;
		};
		42A252131A175B5F0091816F /* Release */ = {
			isa = XCBuildConfiguration;
			buildSettings = {
				ALWAYS_SEARCH_USER_PATHS = NO;
				CLANG_CXX_LANGUAGE_STANDARD = "gnu++0x";
				CLANG_CXX_LIBRARY = "libc++";
				CLANG_ENABLE_MODULES = YES;
				CLANG_ENABLE_OBJC_ARC = YES;
				CLANG_WARN_BOOL_CONVERSION = YES;
				CLANG_WARN_CONSTANT_CONVERSION = YES;
				CLANG_WARN_DIRECT_OBJC_ISA_USAGE = YES_ERROR;
				CLANG_WARN_EMPTY_BODY = YES;
				CLANG_WARN_ENUM_CONVERSION = YES;
				CLANG_WARN_INT_CONVERSION = YES;
				CLANG_WARN_OBJC_ROOT_CLASS = YES_ERROR;
				CLANG_WARN_UNREACHABLE_CODE = YES;
				CLANG_WARN__DUPLICATE_METHOD_MATCH = YES;
				"CODE_SIGN_IDENTITY[sdk=iphoneos*]" = "iPhone Developer";
				COPY_PHASE_STRIP = YES;
				ENABLE_NS_ASSERTIONS = NO;
				ENABLE_STRICT_OBJC_MSGSEND = YES;
				GCC_C_LANGUAGE_STANDARD = gnu99;
				GCC_WARN_64_TO_32_BIT_CONVERSION = YES;
				GCC_WARN_ABOUT_RETURN_TYPE = YES_ERROR;
				GCC_WARN_UNDECLARED_SELECTOR = YES;
				GCC_WARN_UNINITIALIZED_AUTOS = YES_AGGRESSIVE;
				GCC_WARN_UNUSED_FUNCTION = YES;
				GCC_WARN_UNUSED_VARIABLE = YES;
				IPHONEOS_DEPLOYMENT_TARGET = 8.1;
				MTL_ENABLE_DEBUG_INFO = NO;
				SDKROOT = iphoneos;
				VALIDATE_PRODUCT = YES;
			};
			name = Release;
		};
		42A252151A175B5F0091816F /* Debug */ = {
			isa = XCBuildConfiguration;
			buildSettings = {
				ASSETCATALOG_COMPILER_APPICON_NAME = AppIcon;
				INFOPLIST_FILE = BarcodeShopping/Info.plist;
				LD_RUNPATH_SEARCH_PATHS = "$(inherited) @executable_path/Frameworks";
				PRODUCT_NAME = "$(TARGET_NAME)";
			};
			name = Debug;
		};
		42A252161A175B5F0091816F /* Release */ = {
			isa = XCBuildConfiguration;
			buildSettings = {
				ASSETCATALOG_COMPILER_APPICON_NAME = AppIcon;
				INFOPLIST_FILE = BarcodeShopping/Info.plist;
				LD_RUNPATH_SEARCH_PATHS = "$(inherited) @executable_path/Frameworks";
				PRODUCT_NAME = "$(TARGET_NAME)";
			};
			name = Release;
		};
		42A252181A175B5F0091816F /* Debug */ = {
			isa = XCBuildConfiguration;
			buildSettings = {
				BUNDLE_LOADER = "$(TEST_HOST)";
				FRAMEWORK_SEARCH_PATHS = (
					"$(SDKROOT)/Developer/Library/Frameworks",
					"$(inherited)",
				);
				GCC_PREPROCESSOR_DEFINITIONS = (
					"DEBUG=1",
					"$(inherited)",
				);
				INFOPLIST_FILE = BarcodeShoppingTests/Info.plist;
				LD_RUNPATH_SEARCH_PATHS = "$(inherited) @executable_path/Frameworks @loader_path/Frameworks";
				PRODUCT_NAME = "$(TARGET_NAME)";
				TEST_HOST = "$(BUILT_PRODUCTS_DIR)/BarcodeShopping.app/BarcodeShopping";
			};
			name = Debug;
		};
		42A252191A175B5F0091816F /* Release */ = {
			isa = XCBuildConfiguration;
			buildSettings = {
				BUNDLE_LOADER = "$(TEST_HOST)";
				FRAMEWORK_SEARCH_PATHS = (
					"$(SDKROOT)/Developer/Library/Frameworks",
					"$(inherited)",
				);
				INFOPLIST_FILE = BarcodeShoppingTests/Info.plist;
				LD_RUNPATH_SEARCH_PATHS = "$(inherited) @executable_path/Frameworks @loader_path/Frameworks";
				PRODUCT_NAME = "$(TARGET_NAME)";
				TEST_HOST = "$(BUILT_PRODUCTS_DIR)/BarcodeShopping.app/BarcodeShopping";
			};
			name = Release;
		};
/* End XCBuildConfiguration section */

/* Begin XCConfigurationList section */
		42A251F01A175B5F0091816F /* Build configuration list for PBXProject "BarcodeShopping" */ = {
			isa = XCConfigurationList;
			buildConfigurations = (
				42A252121A175B5F0091816F /* Debug */,
				42A252131A175B5F0091816F /* Release */,
			);
			defaultConfigurationIsVisible = 0;
			defaultConfigurationName = Release;
		};
		42A252141A175B5F0091816F /* Build configuration list for PBXNativeTarget "BarcodeShopping" */ = {
			isa = XCConfigurationList;
			buildConfigurations = (
				42A252151A175B5F0091816F /* Debug */,
				42A252161A175B5F0091816F /* Release */,
			);
			defaultConfigurationIsVisible = 0;
		};
		42A252171A175B5F0091816F /* Build configuration list for PBXNativeTarget "BarcodeShoppingTests" */ = {
			isa = XCConfigurationList;
			buildConfigurations = (
				42A252181A175B5F0091816F /* Debug */,
				42A252191A175B5F0091816F /* Release */,
			);
			defaultConfigurationIsVisible = 0;
		};
/* End XCConfigurationList section */
	};
	rootObject = 42A251ED1A175B5F0091816F /* Project object */;
}
